$begin 'ConnectionParameters'
	DesktopProcessID=6468
	DesktopProcessPath='C:\\Program Files\\AnsysEM\\v242\\v242\\Win64\\ansysedt.exe'
	LaunchedByWB=false
	GRPCPort=58728
	$begin 'DesktopStubBlock'
		$begin 'CommDetails'
			TransportType=1
			IPAddress='192.168.85.1'
			ListenPort='58736'
			IPAddressVector[2: '192.168.163.1', '192.168.2.119']
		$end 'CommDetails'
		$begin 'Marshall'
			InstanceID=503
			ProcID=6468
			InterfaceID=1
			FactoryIntID='DesktopInterfaceForWBProxyStubFactory'
		$end 'Marshall'
	$end 'DesktopStubBlock'
	$begin 'DesktopBackgroundObjStubBlock'
		$begin 'CommDetails'
			TransportType=1
			IPAddress='192.168.85.1'
			ListenPort='58736'
			IPAddressVector[2: '192.168.163.1', '192.168.2.119']
		$end 'CommDetails'
		$begin 'Marshall'
			InstanceID=505
			ProcID=6468
			InterfaceID=2
			FactoryIntID='DesktopInterfaceForWBProxyStubFactory'
		$end 'Marshall'
	$end 'DesktopBackgroundObjStubBlock'
	$begin 'WebClientBlock'
		Url='http://RF01:27877/?server=ws://RF01:27365&token=67129579-a5e4-f87c-87a4-f4d801f2a2bc&startTab=monitor/graph'
		SecureUrl='https://RF01:28133/?server=wss://RF01:27621&token=67129579-a5e4-f87c-87a4-f4d801f2a2bc&startTab=monitor/graph'
		WsHost='RF01'
		WsPort=27365
		WssPort=27621
		Token='67129579-a5e4-f87c-87a4-f4d801f2a2bc'
	$end 'WebClientBlock'
$end 'ConnectionParameters'
