$begin 'ConnectionParameters'
	DesktopProcessID=2612
	DesktopProcessPath='C:\\Program Files\\AnsysEM\\v242\\v242\\Win64\\ansysedt.exe'
	LaunchedByWB=false
	GRPCPort=56897
	$begin 'DesktopStubBlock'
		$begin 'CommDetails'
			TransportType=1
			IPAddress='192.168.85.1'
			ListenPort='56908'
			IPAddressVector[2: '192.168.163.1', '192.168.2.119']
		$end 'CommDetails'
		$begin 'Marshall'
			InstanceID=503
			ProcID=2612
			InterfaceID=1
			FactoryIntID='DesktopInterfaceForWBProxyStubFactory'
		$end 'Marshall'
	$end 'DesktopStubBlock'
	$begin 'DesktopBackgroundObjStubBlock'
		$begin 'CommDetails'
			TransportType=1
			IPAddress='192.168.85.1'
			ListenPort='56908'
			IPAddressVector[2: '192.168.163.1', '192.168.2.119']
		$end 'CommDetails'
		$begin 'Marshall'
			InstanceID=505
			ProcID=2612
			InterfaceID=2
			FactoryIntID='DesktopInterfaceForWBProxyStubFactory'
		$end 'Marshall'
	$end 'DesktopBackgroundObjStubBlock'
	$begin 'WebClientBlock'
		Url='http://RF01:18142/?server=ws://RF01:17630&token=2a16dcd5-f85e-d66a-8356-e5d832b0dea1&startTab=monitor/graph'
		SecureUrl='https://RF01:18398/?server=wss://RF01:17886&token=2a16dcd5-f85e-d66a-8356-e5d832b0dea1&startTab=monitor/graph'
		WsHost='RF01'
		WsPort=17630
		WssPort=17886
		Token='2a16dcd5-f85e-d66a-8356-e5d832b0dea1'
	$end 'WebClientBlock'
$end 'ConnectionParameters'
