$begin 'ConnectionParameters'
	DesktopProcessID=4976
	DesktopProcessPath='C:\\Program Files\\AnsysEM\\v242\\v242\\Win64\\ansysedt.exe'
	LaunchedByWB=false
	GRPCPort=54798
	$begin 'DesktopStubBlock'
		$begin 'CommDetails'
			TransportType=1
			IPAddress='192.168.85.1'
			ListenPort='54806'
			IPAddressVector[2: '192.168.163.1', '192.168.2.119']
		$end 'CommDetails'
		$begin 'Marshall'
			InstanceID=503
			ProcID=4976
			InterfaceID=1
			FactoryIntID='DesktopInterfaceForWBProxyStubFactory'
		$end 'Marshall'
	$end 'DesktopStubBlock'
	$begin 'DesktopBackgroundObjStubBlock'
		$begin 'CommDetails'
			TransportType=1
			IPAddress='192.168.85.1'
			ListenPort='54806'
			IPAddressVector[2: '192.168.163.1', '192.168.2.119']
		$end 'CommDetails'
		$begin 'Marshall'
			InstanceID=505
			ProcID=4976
			InterfaceID=2
			FactoryIntID='DesktopInterfaceForWBProxyStubFactory'
		$end 'Marshall'
	$end 'DesktopBackgroundObjStubBlock'
	$begin 'WebClientBlock'
		Url='http://RF01:4822/?server=ws://RF01:4310&token=41d47eb7-22e6-0c8e-960e-329172d224ed&startTab=monitor/graph'
		SecureUrl='https://RF01:5078/?server=wss://RF01:4566&token=41d47eb7-22e6-0c8e-960e-329172d224ed&startTab=monitor/graph'
		WsHost='RF01'
		WsPort=4310
		WssPort=4566
		Token='41d47eb7-22e6-0c8e-960e-329172d224ed'
	$end 'WebClientBlock'
$end 'ConnectionParameters'
